
Microsoft Visual Studio Solution File, Format Version 12.00
# Visual Studio Version 17
VisualStudioVersion = 17.8.34330.188
MinimumVisualStudioVersion = 10.0.40219.1
Project("{9A19103F-16F7-4668-BE54-9A1E7A4F7556}") = "WholesalesRetailer", "WholesalesRetailer.csproj", "{A12A9396-835D-498D-A5EA-EE125818459C}"
EndProject
Project("{9A19103F-16F7-4668-BE54-9A1E7A4F7556}") = "WholesalesRetailer.Shared", "..\WholesalesRetailer.Shared\WholesalesRetailer.Shared.csproj", "{2D888F77-4B35-4BB5-AD3A-C5134A75E3EF}"
EndProject
Project("{9A19103F-16F7-4668-BE54-9A1E7A4F7556}") = "WholesalesRetailer.Client", "..\WholesalesRetailer.Client\WholesalesRetailer.Client.csproj", "{44EF558A-4C94-49BA-B5FA-610270D9EA6E}"
EndProject
Global
	GlobalSection(SolutionConfigurationPlatforms) = preSolution
		Debug|Any CPU = Debug|Any CPU
		Release|Any CPU = Release|Any CPU
	EndGlobalSection
	GlobalSection(ProjectConfigurationPlatforms) = postSolution
		{A12A9396-835D-498D-A5EA-EE125818459C}.Debug|Any CPU.ActiveCfg = Debug|Any CPU
		{A12A9396-835D-498D-A5EA-EE125818459C}.Debug|Any CPU.Build.0 = Debug|Any CPU
		{A12A9396-835D-498D-A5EA-EE125818459C}.Release|Any CPU.ActiveCfg = Release|Any CPU
		{A12A9396-835D-498D-A5EA-EE125818459C}.Release|Any CPU.Build.0 = Release|Any CPU
		{2D888F77-4B35-4BB5-AD3A-C5134A75E3EF}.Debug|Any CPU.ActiveCfg = Debug|Any CPU
		{2D888F77-4B35-4BB5-AD3A-C5134A75E3EF}.Debug|Any CPU.Build.0 = Debug|Any CPU
		{2D888F77-4B35-4BB5-AD3A-C5134A75E3EF}.Release|Any CPU.ActiveCfg = Release|Any CPU
		{2D888F77-4B35-4BB5-AD3A-C5134A75E3EF}.Release|Any CPU.Build.0 = Release|Any CPU
		{44EF558A-4C94-49BA-B5FA-610270D9EA6E}.Debug|Any CPU.ActiveCfg = Debug|Any CPU
		{44EF558A-4C94-49BA-B5FA-610270D9EA6E}.Debug|Any CPU.Build.0 = Debug|Any CPU
		{44EF558A-4C94-49BA-B5FA-610270D9EA6E}.Release|Any CPU.ActiveCfg = Release|Any CPU
		{44EF558A-4C94-49BA-B5FA-610270D9EA6E}.Release|Any CPU.Build.0 = Release|Any CPU
	EndGlobalSection
	GlobalSection(SolutionProperties) = preSolution
		HideSolutionNode = FALSE
	EndGlobalSection
	GlobalSection(ExtensibilityGlobals) = postSolution
		SolutionGuid = {45FD2FA8-6FD5-4CCA-B99F-E1E72FF728EB}
	EndGlobalSection
EndGlobal
